
Microsoft Visual Studio Solution File, Format Version 12.00
# Visual Studio Version 16
VisualStudioVersion = 16.0.31624.102
MinimumVisualStudioVersion = 10.0.40219.1
Project("{FAE04EC0-301F-11D3-BF4B-00C04F79EFBC}") = "EmployeeApi", "EmployeeApi\EmployeeApi.csproj", "{F7617B71-9394-4025-94ED-809897992C44}"
EndProject
Global
	GlobalSection(SolutionConfigurationPlatforms) = preSolution
		Debug|Any CPU = Debug|Any CPU
		Release|Any CPU = Release|Any CPU
	EndGlobalSection
	GlobalSection(ProjectConfigurationPlatforms) = postSolution
		{F7617B71-9394-4025-94ED-809897992C44}.Debug|Any CPU.ActiveCfg = Debug|Any CPU
		{F7617B71-9394-4025-94ED-809897992C44}.Debug|Any CPU.Build.0 = Debug|Any CPU
		{F7617B71-9394-4025-94ED-809897992C44}.Release|Any CPU.ActiveCfg = Release|Any CPU
		{F7617B71-9394-4025-94ED-809897992C44}.Release|Any CPU.Build.0 = Release|Any CPU
	EndGlobalSection
	GlobalSection(SolutionProperties) = preSolution
		HideSolutionNode = FALSE
	EndGlobalSection
	GlobalSection(ExtensibilityGlobals) = postSolution
		SolutionGuid = {0C8D22CF-FC05-4F60-82F8-E03F48ADE604}
	EndGlobalSection
EndGlobal
