
Microsoft Visual Studio Solution File, Format Version 12.00
# Visual Studio Version 16
VisualStudioVersion = 16.0.31624.102
MinimumVisualStudioVersion = 10.0.40219.1
Project("{FAE04EC0-301F-11D3-BF4B-00C04F79EFBC}") = "CustomerWebApp", "CustomerWebApp\CustomerWebApp.csproj", "{483942CB-0D2E-4ADC-A67B-3D506D2546CF}"
EndProject
Global
	GlobalSection(SolutionConfigurationPlatforms) = preSolution
		Debug|Any CPU = Debug|Any CPU
		Release|Any CPU = Release|Any CPU
	EndGlobalSection
	GlobalSection(ProjectConfigurationPlatforms) = postSolution
		{483942CB-0D2E-4ADC-A67B-3D506D2546CF}.Debug|Any CPU.ActiveCfg = Debug|Any CPU
		{483942CB-0D2E-4ADC-A67B-3D506D2546CF}.Debug|Any CPU.Build.0 = Debug|Any CPU
		{483942CB-0D2E-4ADC-A67B-3D506D2546CF}.Release|Any CPU.ActiveCfg = Release|Any CPU
		{483942CB-0D2E-4ADC-A67B-3D506D2546CF}.Release|Any CPU.Build.0 = Release|Any CPU
	EndGlobalSection
	GlobalSection(SolutionProperties) = preSolution
		HideSolutionNode = FALSE
	EndGlobalSection
	GlobalSection(ExtensibilityGlobals) = postSolution
		SolutionGuid = {AD843D9C-4525-4C37-B213-EDF9165CBDF3}
	EndGlobalSection
EndGlobal
